
Microsoft Visual Studio Solution File, Format Version 12.00
# Visual Studio Version 17
VisualStudioVersion = 17.5.33424.131
MinimumVisualStudioVersion = 10.0.40219.1
Project("{8BC9CEB8-8B4A-11D0-8D11-00A0C91BC942}") = "Lab_12.4", "Lab_12.4\Lab_12.4.vcxproj", "{DB4E0641-F97F-474C-8E97-42DD3EED9654}"
EndProject
Project("{8BC9CEB8-8B4A-11D0-8D11-00A0C91BC942}") = "UnitTest_12.4.іт", "UnitTest_12.4.іт\UnitTest_12.4.іт.vcxproj", "{35474083-6CEB-4CAF-B285-2E2EB657C525}"
EndProject
Global
	GlobalSection(SolutionConfigurationPlatforms) = preSolution
		Debug|x64 = Debug|x64
		Debug|x86 = Debug|x86
		Release|x64 = Release|x64
		Release|x86 = Release|x86
	EndGlobalSection
	GlobalSection(ProjectConfigurationPlatforms) = postSolution
		{DB4E0641-F97F-474C-8E97-42DD3EED9654}.Debug|x64.ActiveCfg = Debug|x64
		{DB4E0641-F97F-474C-8E97-42DD3EED9654}.Debug|x64.Build.0 = Debug|x64
		{DB4E0641-F97F-474C-8E97-42DD3EED9654}.Debug|x86.ActiveCfg = Debug|Win32
		{DB4E0641-F97F-474C-8E97-42DD3EED9654}.Debug|x86.Build.0 = Debug|Win32
		{DB4E0641-F97F-474C-8E97-42DD3EED9654}.Release|x64.ActiveCfg = Release|x64
		{DB4E0641-F97F-474C-8E97-42DD3EED9654}.Release|x64.Build.0 = Release|x64
		{DB4E0641-F97F-474C-8E97-42DD3EED9654}.Release|x86.ActiveCfg = Release|Win32
		{DB4E0641-F97F-474C-8E97-42DD3EED9654}.Release|x86.Build.0 = Release|Win32
		{35474083-6CEB-4CAF-B285-2E2EB657C525}.Debug|x64.ActiveCfg = Debug|x64
		{35474083-6CEB-4CAF-B285-2E2EB657C525}.Debug|x64.Build.0 = Debug|x64
		{35474083-6CEB-4CAF-B285-2E2EB657C525}.Debug|x86.ActiveCfg = Debug|Win32
		{35474083-6CEB-4CAF-B285-2E2EB657C525}.Debug|x86.Build.0 = Debug|Win32
		{35474083-6CEB-4CAF-B285-2E2EB657C525}.Release|x64.ActiveCfg = Release|x64
		{35474083-6CEB-4CAF-B285-2E2EB657C525}.Release|x64.Build.0 = Release|x64
		{35474083-6CEB-4CAF-B285-2E2EB657C525}.Release|x86.ActiveCfg = Release|Win32
		{35474083-6CEB-4CAF-B285-2E2EB657C525}.Release|x86.Build.0 = Release|Win32
	EndGlobalSection
	GlobalSection(SolutionProperties) = preSolution
		HideSolutionNode = FALSE
	EndGlobalSection
	GlobalSection(ExtensibilityGlobals) = postSolution
		SolutionGuid = {E5D7BAA4-2DA3-4E49-A2FD-2CA1249785EF}
	EndGlobalSection
EndGlobal
